// !$*UTF8*$!
{
	archiveVersion = 1;
	classes = {
	};
	objectVersion = 46;
	objects = {

/* Begin PBXBuildFile section */
		792FE94117ACFD6C00E29931 /* KXInteraction.m in Sources */ = {isa = PBXBuildFile; fileRef = 792FE94017ACFD6C00E29931 /* KXInteraction.m */; };
		793369B417B1A42F00451B3C /* AssetsLibrary.framework in Frameworks */ = {isa = PBXBuildFile; fileRef = 793369B317B1A42F00451B3C /* AssetsLibrary.framework */; };
		7960FA1E17ABB15C00026937 /* UIKit.framework in Frameworks */ = {isa = PBXBuildFile; fileRef = 7960FA1D17ABB15C00026937 /* UIKit.framework */; };
		7960FA2017ABB15C00026937 /* Foundation.framework in Frameworks */ = {isa = PBXBuildFile; fileRef = 7960FA1F17ABB15C00026937 /* Foundation.framework */; };
		7960FA2217ABB15C00026937 /* CoreGraphics.framework in Frameworks */ = {isa = PBXBuildFile; fileRef = 7960FA2117ABB15C00026937 /* CoreGraphics.framework */; };
		7960FA2817ABB15C00026937 /* InfoPlist.strings in Resources */ = {isa = PBXBuildFile; fileRef = 7960FA2617ABB15C00026937 /* InfoPlist.strings */; };
		7960FA2A17ABB15C00026937 /* main.m in Sources */ = {isa = PBXBuildFile; fileRef = 7960FA2917ABB15C00026937 /* main.m */; };
		7960FA2E17ABB15C00026937 /* AppDelegate.m in Sources */ = {isa = PBXBuildFile; fileRef = 7960FA2D17ABB15C00026937 /* AppDelegate.m */; };
		7960FA3017ABB15C00026937 /* Default.png in Resources */ = {isa = PBXBuildFile; fileRef = 7960FA2F17ABB15C00026937 /* Default.png */; };
		7960FA3217ABB15C00026937 /* Default@2x.png in Resources */ = {isa = PBXBuildFile; fileRef = 7960FA3117ABB15C00026937 /* Default@2x.png */; };
		7960FA3417ABB15C00026937 /* Default-568h@2x.png in Resources */ = {isa = PBXBuildFile; fileRef = 7960FA3317ABB15C00026937 /* Default-568h@2x.png */; };
		7960FA3717ABB15C00026937 /* MainStoryboard_iPhone.storyboard in Resources */ = {isa = PBXBuildFile; fileRef = 7960FA3517ABB15C00026937 /* MainStoryboard_iPhone.storyboard */; };
		7960FA3A17ABB15C00026937 /* MainStoryboard_iPad.storyboard in Resources */ = {isa = PBXBuildFile; fileRef = 7960FA3817ABB15C00026937 /* MainStoryboard_iPad.storyboard */; };
		7960FA3D17ABB15C00026937 /* MasterViewController.m in Sources */ = {isa = PBXBuildFile; fileRef = 7960FA3C17ABB15C00026937 /* MasterViewController.m */; };
		7960FA4017ABB15C00026937 /* DetailViewController.m in Sources */ = {isa = PBXBuildFile; fileRef = 7960FA3F17ABB15C00026937 /* DetailViewController.m */; };
		7960FA4817ABB15C00026937 /* SenTestingKit.framework in Frameworks */ = {isa = PBXBuildFile; fileRef = 7960FA4717ABB15C00026937 /* SenTestingKit.framework */; };
		7960FA4917ABB15C00026937 /* UIKit.framework in Frameworks */ = {isa = PBXBuildFile; fileRef = 7960FA1D17ABB15C00026937 /* UIKit.framework */; };
		7960FA4A17ABB15C00026937 /* Foundation.framework in Frameworks */ = {isa = PBXBuildFile; fileRef = 7960FA1F17ABB15C00026937 /* Foundation.framework */; };
		7960FA5217ABB15C00026937 /* InfoPlist.strings in Resources */ = {isa = PBXBuildFile; fileRef = 7960FA5017ABB15C00026937 /* InfoPlist.strings */; };
		7960FA5517ABB15C00026937 /* KXInteractionTests.m in Sources */ = {isa = PBXBuildFile; fileRef = 7960FA5417ABB15C00026937 /* KXInteractionTests.m */; };
/* End PBXBuildFile section */

/* Begin PBXContainerItemProxy section */
		7960FA4B17ABB15C00026937 /* PBXContainerItemProxy */ = {
			isa = PBXContainerItemProxy;
			containerPortal = 7960FA1217ABB15C00026937 /* Project object */;
			proxyType = 1;
			remoteGlobalIDString = 7960FA1917ABB15C00026937;
			remoteInfo = KXInteraction;
		};
/* End PBXContainerItemProxy section */

/* Begin PBXFileReference section */
		792FE93F17ACFD6C00E29931 /* KXInteraction.h */ = {isa = PBXFileReference; fileEncoding = 4; lastKnownFileType = sourcecode.c.h; path = KXInteraction.h; sourceTree = "<group>"; };
		792FE94017ACFD6C00E29931 /* KXInteraction.m */ = {isa = PBXFileReference; fileEncoding = 4; lastKnownFileType = sourcecode.c.objc; path = KXInteraction.m; sourceTree = "<group>"; };
		793369B317B1A42F00451B3C /* AssetsLibrary.framework */ = {isa = PBXFileReference; lastKnownFileType = wrapper.framework; name = AssetsLibrary.framework; path = System/Library/Frameworks/AssetsLibrary.framework; sourceTree = SDKROOT; };
		7960FA1A17ABB15C00026937 /* KXInteraction.app */ = {isa = PBXFileReference; explicitFileType = wrapper.application; includeInIndex = 0; path = KXInteraction.app; sourceTree = BUILT_PRODUCTS_DIR; };
		7960FA1D17ABB15C00026937 /* UIKit.framework */ = {isa = PBXFileReference; lastKnownFileType = wrapper.framework; name = UIKit.framework; path = System/Library/Frameworks/UIKit.framework; sourceTree = SDKROOT; };
		7960FA1F17ABB15C00026937 /* Foundation.framework */ = {isa = PBXFileReference; lastKnownFileType = wrapper.framework; name = Foundation.framework; path = System/Library/Frameworks/Foundation.framework; sourceTree = SDKROOT; };
		7960FA2117ABB15C00026937 /* CoreGraphics.framework */ = {isa = PBXFileReference; lastKnownFileType = wrapper.framework; name = CoreGraphics.framework; path = System/Library/Frameworks/CoreGraphics.framework; sourceTree = SDKROOT; };
		7960FA2517ABB15C00026937 /* KXInteraction-Info.plist */ = {isa = PBXFileReference; lastKnownFileType = text.plist.xml; path = "KXInteraction-Info.plist"; sourceTree = "<group>"; };
		7960FA2717ABB15C00026937 /* en */ = {isa = PBXFileReference; lastKnownFileType = text.plist.strings; name = en; path = en.lproj/InfoPlist.strings; sourceTree = "<group>"; };
		7960FA2917ABB15C00026937 /* main.m */ = {isa = PBXFileReference; lastKnownFileType = sourcecode.c.objc; path = main.m; sourceTree = "<group>"; };
		7960FA2B17ABB15C00026937 /* KXInteraction-Prefix.pch */ = {isa = PBXFileReference; lastKnownFileType = sourcecode.c.h; path = "KXInteraction-Prefix.pch"; sourceTree = "<group>"; };
		7960FA2C17ABB15C00026937 /* AppDelegate.h */ = {isa = PBXFileReference; lastKnownFileType = sourcecode.c.h; path = AppDelegate.h; sourceTree = "<group>"; };
		7960FA2D17ABB15C00026937 /* AppDelegate.m */ = {isa = PBXFileReference; lastKnownFileType = sourcecode.c.objc; path = AppDelegate.m; sourceTree = "<group>"; };
		7960FA2F17ABB15C00026937 /* Default.png */ = {isa = PBXFileReference; lastKnownFileType = image.png; path = Default.png; sourceTree = "<group>"; };
		7960FA3117ABB15C00026937 /* Default@2x.png */ = {isa = PBXFileReference; lastKnownFileType = image.png; path = "Default@2x.png"; sourceTree = "<group>"; };
		7960FA3317ABB15C00026937 /* Default-568h@2x.png */ = {isa = PBXFileReference; lastKnownFileType = image.png; path = "Default-568h@2x.png"; sourceTree = "<group>"; };
		7960FA3617ABB15C00026937 /* en */ = {isa = PBXFileReference; lastKnownFileType = file.storyboard; name = en; path = en.lproj/MainStoryboard_iPhone.storyboard; sourceTree = "<group>"; };
		7960FA3917ABB15C00026937 /* en */ = {isa = PBXFileReference; lastKnownFileType = file.storyboard; name = en; path = en.lproj/MainStoryboard_iPad.storyboard; sourceTree = "<group>"; };
		7960FA3B17ABB15C00026937 /* MasterViewController.h */ = {isa = PBXFileReference; lastKnownFileType = sourcecode.c.h; path = MasterViewController.h; sourceTree = "<group>"; };
		7960FA3C17ABB15C00026937 /* MasterViewController.m */ = {isa = PBXFileReference; lastKnownFileType = sourcecode.c.objc; path = MasterViewController.m; sourceTree = "<group>"; };
		7960FA3E17ABB15C00026937 /* DetailViewController.h */ = {isa = PBXFileReference; lastKnownFileType = sourcecode.c.h; path = DetailViewController.h; sourceTree = "<group>"; };
		7960FA3F17ABB15C00026937 /* DetailViewController.m */ = {isa = PBXFileReference; lastKnownFileType = sourcecode.c.objc; path = DetailViewController.m; sourceTree = "<group>"; };
		7960FA4617ABB15C00026937 /* KXInteractionTests.octest */ = {isa = PBXFileReference; explicitFileType = wrapper.cfbundle; includeInIndex = 0; path = KXInteractionTests.octest; sourceTree = BUILT_PRODUCTS_DIR; };
		7960FA4717ABB15C00026937 /* SenTestingKit.framework */ = {isa = PBXFileReference; lastKnownFileType = wrapper.framework; name = SenTestingKit.framework; path = Library/Frameworks/SenTestingKit.framework; sourceTree = DEVELOPER_DIR; };
		7960FA4F17ABB15C00026937 /* KXInteractionTests-Info.plist */ = {isa = PBXFileReference; lastKnownFileType = text.plist.xml; path = "KXInteractionTests-Info.plist"; sourceTree = "<group>"; };
		7960FA5117ABB15C00026937 /* en */ = {isa = PBXFileReference; lastKnownFileType = text.plist.strings; name = en; path = en.lproj/InfoPlist.strings; sourceTree = "<group>"; };
		7960FA5317ABB15C00026937 /* KXInteractionTests.h */ = {isa = PBXFileReference; lastKnownFileType = sourcecode.c.h; path = KXInteractionTests.h; sourceTree = "<group>"; };
		7960FA5417ABB15C00026937 /* KXInteractionTests.m */ = {isa = PBXFileReference; lastKnownFileType = sourcecode.c.objc; path = KXInteractionTests.m; sourceTree = "<group>"; };
/* End PBXFileReference section */

/* Begin PBXFrameworksBuildPhase section */
		7960FA1717ABB15C00026937 /* Frameworks */ = {
			isa = PBXFrameworksBuildPhase;
			buildActionMask = 2147483647;
			files = (
				793369B417B1A42F00451B3C /* AssetsLibrary.framework in Frameworks */,
				7960FA1E17ABB15C00026937 /* UIKit.framework in Frameworks */,
				7960FA2017ABB15C00026937 /* Foundation.framework in Frameworks */,
				7960FA2217ABB15C00026937 /* CoreGraphics.framework in Frameworks */,
			);
			runOnlyForDeploymentPostprocessing = 0;
		};
		7960FA4217ABB15C00026937 /* Frameworks */ = {
			isa = PBXFrameworksBuildPhase;
			buildActionMask = 2147483647;
			files = (
				7960FA4817ABB15C00026937 /* SenTestingKit.framework in Frameworks */,
				7960FA4917ABB15C00026937 /* UIKit.framework in Frameworks */,
				7960FA4A17ABB15C00026937 /* Foundation.framework in Frameworks */,
			);
			runOnlyForDeploymentPostprocessing = 0;
		};
/* End PBXFrameworksBuildPhase section */

/* Begin PBXGroup section */
		7960FA1117ABB15C00026937 = {
			isa = PBXGroup;
			children = (
				793369B317B1A42F00451B3C /* AssetsLibrary.framework */,
				7960FA2317ABB15C00026937 /* KXInteraction */,
				7960FA4D17ABB15C00026937 /* KXInteractionTests */,
				7960FA1C17ABB15C00026937 /* Frameworks */,
				7960FA1B17ABB15C00026937 /* Products */,
			);
			sourceTree = "<group>";
		};
		7960FA1B17ABB15C00026937 /* Products */ = {
			isa = PBXGroup;
			children = (
				7960FA1A17ABB15C00026937 /* KXInteraction.app */,
				7960FA4617ABB15C00026937 /* KXInteractionTests.octest */,
			);
			name = Products;
			sourceTree = "<group>";
		};
		7960FA1C17ABB15C00026937 /* Frameworks */ = {
			isa = PBXGroup;
			children = (
				7960FA1D17ABB15C00026937 /* UIKit.framework */,
				7960FA1F17ABB15C00026937 /* Foundation.framework */,
				7960FA2117ABB15C00026937 /* CoreGraphics.framework */,
				7960FA4717ABB15C00026937 /* SenTestingKit.framework */,
			);
			name = Frameworks;
			sourceTree = "<group>";
		};
		7960FA2317ABB15C00026937 /* KXInteraction */ = {
			isa = PBXGroup;
			children = (
				7960FA2C17ABB15C00026937 /* AppDelegate.h */,
				7960FA2D17ABB15C00026937 /* AppDelegate.m */,
				7960FA3517ABB15C00026937 /* MainStoryboard_iPhone.storyboard */,
				7960FA3817ABB15C00026937 /* MainStoryboard_iPad.storyboard */,
				7960FA3B17ABB15C00026937 /* MasterViewController.h */,
				7960FA3C17ABB15C00026937 /* MasterViewController.m */,
				792FE93F17ACFD6C00E29931 /* KXInteraction.h */,
				792FE94017ACFD6C00E29931 /* KXInteraction.m */,
				7960FA3E17ABB15C00026937 /* DetailViewController.h */,
				7960FA3F17ABB15C00026937 /* DetailViewController.m */,
				7960FA2417ABB15C00026937 /* Supporting Files */,
			);
			path = KXInteraction;
			sourceTree = "<group>";
		};
		7960FA2417ABB15C00026937 /* Supporting Files */ = {
			isa = PBXGroup;
			children = (
				7960FA2517ABB15C00026937 /* KXInteraction-Info.plist */,
				7960FA2617ABB15C00026937 /* InfoPlist.strings */,
				7960FA2917ABB15C00026937 /* main.m */,
				7960FA2B17ABB15C00026937 /* KXInteraction-Prefix.pch */,
				7960FA2F17ABB15C00026937 /* Default.png */,
				7960FA3117ABB15C00026937 /* Default@2x.png */,
				7960FA3317ABB15C00026937 /* Default-568h@2x.png */,
			);
			name = "Supporting Files";
			sourceTree = "<group>";
		};
		7960FA4D17ABB15C00026937 /* KXInteractionTests */ = {
			isa = PBXGroup;
			children = (
				7960FA5317ABB15C00026937 /* KXInteractionTests.h */,
				7960FA5417ABB15C00026937 /* KXInteractionTests.m */,
				7960FA4E17ABB15C00026937 /* Supporting Files */,
			);
			path = KXInteractionTests;
			sourceTree = "<group>";
		};
		7960FA4E17ABB15C00026937 /* Supporting Files */ = {
			isa = PBXGroup;
			children = (
				7960FA4F17ABB15C00026937 /* KXInteractionTests-Info.plist */,
				7960FA5017ABB15C00026937 /* InfoPlist.strings */,
			);
			name = "Supporting Files";
			sourceTree = "<group>";
		};
/* End PBXGroup section */

/* Begin PBXNativeTarget section */
		7960FA1917ABB15C00026937 /* KXInteraction */ = {
			isa = PBXNativeTarget;
			buildConfigurationList = 7960FA5817ABB15C00026937 /* Build configuration list for PBXNativeTarget "KXInteraction" */;
			buildPhases = (
				7960FA1617ABB15C00026937 /* Sources */,
				7960FA1717ABB15C00026937 /* Frameworks */,
				7960FA1817ABB15C00026937 /* Resources */,
			);
			buildRules = (
			);
			dependencies = (
			);
			name = KXInteraction;
			productName = KXInteraction;
			productReference = 7960FA1A17ABB15C00026937 /* KXInteraction.app */;
			productType = "com.apple.product-type.application";
		};
		7960FA4517ABB15C00026937 /* KXInteractionTests */ = {
			isa = PBXNativeTarget;
			buildConfigurationList = 7960FA5B17ABB15C00026937 /* Build configuration list for PBXNativeTarget "KXInteractionTests" */;
			buildPhases = (
				7960FA4117ABB15C00026937 /* Sources */,
				7960FA4217ABB15C00026937 /* Frameworks */,
				7960FA4317ABB15C00026937 /* Resources */,
				7960FA4417ABB15C00026937 /* ShellScript */,
			);
			buildRules = (
			);
			dependencies = (
				7960FA4C17ABB15C00026937 /* PBXTargetDependency */,
			);
			name = KXInteractionTests;
			productName = KXInteractionTests;
			productReference = 7960FA4617ABB15C00026937 /* KXInteractionTests.octest */;
			productType = "com.apple.product-type.bundle";
		};
/* End PBXNativeTarget section */

/* Begin PBXProject section */
		7960FA1217ABB15C00026937 /* Project object */ = {
			isa = PBXProject;
			attributes = {
				LastUpgradeCheck = 0460;
				ORGANIZATIONNAME = "Alex Olson";
			};
			buildConfigurationList = 7960FA1517ABB15C00026937 /* Build configuration list for PBXProject "KXInteraction" */;
			compatibilityVersion = "Xcode 3.2";
			developmentRegion = English;
			hasScannedForEncodings = 0;
			knownRegions = (
				en,
			);
			mainGroup = 7960FA1117ABB15C00026937;
			productRefGroup = 7960FA1B17ABB15C00026937 /* Products */;
			projectDirPath = "";
			projectRoot = "";
			targets = (
				7960FA1917ABB15C00026937 /* KXInteraction */,
				7960FA4517ABB15C00026937 /* KXInteractionTests */,
			);
		};
/* End PBXProject section */

/* Begin PBXResourcesBuildPhase section */
		7960FA1817ABB15C00026937 /* Resources */ = {
			isa = PBXResourcesBuildPhase;
			buildActionMask = 2147483647;
			files = (
				7960FA2817ABB15C00026937 /* InfoPlist.strings in Resources */,
				7960FA3017ABB15C00026937 /* Default.png in Resources */,
				7960FA3217ABB15C00026937 /* Default@2x.png in Resources */,
				7960FA3417ABB15C00026937 /* Default-568h@2x.png in Resources */,
				7960FA3717ABB15C00026937 /* MainStoryboard_iPhone.storyboard in Resources */,
				7960FA3A17ABB15C00026937 /* MainStoryboard_iPad.storyboard in Resources */,
			);
			runOnlyForDeploymentPostprocessing = 0;
		};
		7960FA4317ABB15C00026937 /* Resources */ = {
			isa = PBXResourcesBuildPhase;
			buildActionMask = 2147483647;
			files = (
				7960FA5217ABB15C00026937 /* InfoPlist.strings in Resources */,
			);
			runOnlyForDeploymentPostprocessing = 0;
		};
/* End PBXResourcesBuildPhase section */

/* Begin PBXShellScriptBuildPhase section */
		7960FA4417ABB15C00026937 /* ShellScript */ = {
			isa = PBXShellScriptBuildPhase;
			buildActionMask = 2147483647;
			files = (
			);
			inputPaths = (
			);
			outputPaths = (
			);
			runOnlyForDeploymentPostprocessing = 0;
			shellPath = /bin/sh;
			shellScript = "# Run the unit tests in this test bundle.\n\"${SYSTEM_DEVELOPER_DIR}/Tools/RunUnitTests\"\n";
		};
/* End PBXShellScriptBuildPhase section */

/* Begin PBXSourcesBuildPhase section */
		7960FA1617ABB15C00026937 /* Sources */ = {
			isa = PBXSourcesBuildPhase;
			buildActionMask = 2147483647;
			files = (
				7960FA2A17ABB15C00026937 /* main.m in Sources */,
				7960FA2E17ABB15C00026937 /* AppDelegate.m in Sources */,
				7960FA3D17ABB15C00026937 /* MasterViewController.m in Sources */,
				7960FA4017ABB15C00026937 /* DetailViewController.m in Sources */,
				792FE94117ACFD6C00E29931 /* KXInteraction.m in Sources */,
			);
			runOnlyForDeploymentPostprocessing = 0;
		};
		7960FA4117ABB15C00026937 /* Sources */ = {
			isa = PBXSourcesBuildPhase;
			buildActionMask = 2147483647;
			files = (
				7960FA5517ABB15C00026937 /* KXInteractionTests.m in Sources */,
			);
			runOnlyForDeploymentPostprocessing = 0;
		};
/* End PBXSourcesBuildPhase section */

/* Begin PBXTargetDependency section */
		7960FA4C17ABB15C00026937 /* PBXTargetDependency */ = {
			isa = PBXTargetDependency;
			target = 7960FA1917ABB15C00026937 /* KXInteraction */;
			targetProxy = 7960FA4B17ABB15C00026937 /* PBXContainerItemProxy */;
		};
/* End PBXTargetDependency section */

/* Begin PBXVariantGroup section */
		7960FA2617ABB15C00026937 /* InfoPlist.strings */ = {
			isa = PBXVariantGroup;
			children = (
				7960FA2717ABB15C00026937 /* en */,
			);
			name = InfoPlist.strings;
			sourceTree = "<group>";
		};
		7960FA3517ABB15C00026937 /* MainStoryboard_iPhone.storyboard */ = {
			isa = PBXVariantGroup;
			children = (
				7960FA3617ABB15C00026937 /* en */,
			);
			name = MainStoryboard_iPhone.storyboard;
			sourceTree = "<group>";
		};
		7960FA3817ABB15C00026937 /* MainStoryboard_iPad.storyboard */ = {
			isa = PBXVariantGroup;
			children = (
				7960FA3917ABB15C00026937 /* en */,
			);
			name = MainStoryboard_iPad.storyboard;
			sourceTree = "<group>";
		};
		7960FA5017ABB15C00026937 /* InfoPlist.strings */ = {
			isa = PBXVariantGroup;
			children = (
				7960FA5117ABB15C00026937 /* en */,
			);
			name = InfoPlist.strings;
			sourceTree = "<group>";
		};
/* End PBXVariantGroup section */

/* Begin XCBuildConfiguration section */
		7960FA5617ABB15C00026937 /* Debug */ = {
			isa = XCBuildConfiguration;
			buildSettings = {
				ALWAYS_SEARCH_USER_PATHS = NO;
				CLANG_CXX_LANGUAGE_STANDARD = "gnu++0x";
				CLANG_CXX_LIBRARY = "libc++";
				CLANG_ENABLE_OBJC_ARC = YES;
				CLANG_WARN_CONSTANT_CONVERSION = YES;
				CLANG_WARN_EMPTY_BODY = YES;
				CLANG_WARN_ENUM_CONVERSION = YES;
				CLANG_WARN_INT_CONVERSION = YES;
				CLANG_WARN__DUPLICATE_METHOD_MATCH = YES;
				"CODE_SIGN_IDENTITY[sdk=iphoneos*]" = "iPhone Developer";
				COPY_PHASE_STRIP = NO;
				GCC_C_LANGUAGE_STANDARD = gnu99;
				GCC_DYNAMIC_NO_PIC = NO;
				GCC_OPTIMIZATION_LEVEL = 0;
				GCC_PREPROCESSOR_DEFINITIONS = (
					"DEBUG=1",
					"$(inherited)",
				);
				GCC_SYMBOLS_PRIVATE_EXTERN = NO;
				GCC_WARN_ABOUT_RETURN_TYPE = YES;
				GCC_WARN_UNINITIALIZED_AUTOS = YES;
				GCC_WARN_UNUSED_VARIABLE = YES;
				IPHONEOS_DEPLOYMENT_TARGET = 6.1;
				ONLY_ACTIVE_ARCH = YES;
				SDKROOT = iphoneos;
				TARGETED_DEVICE_FAMILY = "1,2";
			};
			name = Debug;
		};
		7960FA5717ABB15C00026937 /* Release */ = {
			isa = XCBuildConfiguration;
			buildSettings = {
				ALWAYS_SEARCH_USER_PATHS = NO;
				CLANG_CXX_LANGUAGE_STANDARD = "gnu++0x";
				CLANG_CXX_LIBRARY = "libc++";
				CLANG_ENABLE_OBJC_ARC = YES;
				CLANG_WARN_CONSTANT_CONVERSION = YES;
				CLANG_WARN_EMPTY_BODY = YES;
				CLANG_WARN_ENUM_CONVERSION = YES;
				CLANG_WARN_INT_CONVERSION = YES;
				CLANG_WARN__DUPLICATE_METHOD_MATCH = YES;
				"CODE_SIGN_IDENTITY[sdk=iphoneos*]" = "iPhone Developer";
				COPY_PHASE_STRIP = YES;
				GCC_C_LANGUAGE_STANDARD = gnu99;
				GCC_WARN_ABOUT_RETURN_TYPE = YES;
				GCC_WARN_UNINITIALIZED_AUTOS = YES;
				GCC_WARN_UNUSED_VARIABLE = YES;
				IPHONEOS_DEPLOYMENT_TARGET = 6.1;
				OTHER_CFLAGS = "-DNS_BLOCK_ASSERTIONS=1";
				SDKROOT = iphoneos;
				TARGETED_DEVICE_FAMILY = "1,2";
				VALIDATE_PRODUCT = YES;
			};
			name = Release;
		};
		7960FA5917ABB15C00026937 /* Debug */ = {
			isa = XCBuildConfiguration;
			buildSettings = {
				GCC_PRECOMPILE_PREFIX_HEADER = YES;
				GCC_PREFIX_HEADER = "KXInteraction/KXInteraction-Prefix.pch";
				INFOPLIST_FILE = "KXInteraction/KXInteraction-Info.plist";
				PRODUCT_NAME = "$(TARGET_NAME)";
				WRAPPER_EXTENSION = app;
			};
			name = Debug;
		};
		7960FA5A17ABB15C00026937 /* Release */ = {
			isa = XCBuildConfiguration;
			buildSettings = {
				GCC_PRECOMPILE_PREFIX_HEADER = YES;
				GCC_PREFIX_HEADER = "KXInteraction/KXInteraction-Prefix.pch";
				INFOPLIST_FILE = "KXInteraction/KXInteraction-Info.plist";
				PRODUCT_NAME = "$(TARGET_NAME)";
				WRAPPER_EXTENSION = app;
			};
			name = Release;
		};
		7960FA5C17ABB15C00026937 /* Debug */ = {
			isa = XCBuildConfiguration;
			buildSettings = {
				BUNDLE_LOADER = "$(BUILT_PRODUCTS_DIR)/KXInteraction.app/KXInteraction";
				FRAMEWORK_SEARCH_PATHS = (
					"\"$(SDKROOT)/Developer/Library/Frameworks\"",
					"\"$(DEVELOPER_LIBRARY_DIR)/Frameworks\"",
				);
				GCC_PRECOMPILE_PREFIX_HEADER = YES;
				GCC_PREFIX_HEADER = "KXInteraction/KXInteraction-Prefix.pch";
				INFOPLIST_FILE = "KXInteractionTests/KXInteractionTests-Info.plist";
				PRODUCT_NAME = "$(TARGET_NAME)";
				TEST_HOST = "$(BUNDLE_LOADER)";
				WRAPPER_EXTENSION = octest;
			};
			name = Debug;
		};
		7960FA5D17ABB15C00026937 /* Release */ = {
			isa = XCBuildConfiguration;
			buildSettings = {
				BUNDLE_LOADER = "$(BUILT_PRODUCTS_DIR)/KXInteraction.app/KXInteraction";
				FRAMEWORK_SEARCH_PATHS = (
					"\"$(SDKROOT)/Developer/Library/Frameworks\"",
					"\"$(DEVELOPER_LIBRARY_DIR)/Frameworks\"",
				);
				GCC_PRECOMPILE_PREFIX_HEADER = YES;
				GCC_PREFIX_HEADER = "KXInteraction/KXInteraction-Prefix.pch";
				INFOPLIST_FILE = "KXInteractionTests/KXInteractionTests-Info.plist";
				PRODUCT_NAME = "$(TARGET_NAME)";
				TEST_HOST = "$(BUNDLE_LOADER)";
				WRAPPER_EXTENSION = octest;
			};
			name = Release;
		};
/* End XCBuildConfiguration section */

/* Begin XCConfigurationList section */
		7960FA1517ABB15C00026937 /* Build configuration list for PBXProject "KXInteraction" */ = {
			isa = XCConfigurationList;
			buildConfigurations = (
				7960FA5617ABB15C00026937 /* Debug */,
				7960FA5717ABB15C00026937 /* Release */,
			);
			defaultConfigurationIsVisible = 0;
			defaultConfigurationName = Release;
		};
		7960FA5817ABB15C00026937 /* Build configuration list for PBXNativeTarget "KXInteraction" */ = {
			isa = XCConfigurationList;
			buildConfigurations = (
				7960FA5917ABB15C00026937 /* Debug */,
				7960FA5A17ABB15C00026937 /* Release */,
			);
			defaultConfigurationIsVisible = 0;
			defaultConfigurationName = Release;
		};
		7960FA5B17ABB15C00026937 /* Build configuration list for PBXNativeTarget "KXInteractionTests" */ = {
			isa = XCConfigurationList;
			buildConfigurations = (
				7960FA5C17ABB15C00026937 /* Debug */,
				7960FA5D17ABB15C00026937 /* Release */,
			);
			defaultConfigurationIsVisible = 0;
			defaultConfigurationName = Release;
		};
/* End XCConfigurationList section */
	};
	rootObject = 7960FA1217ABB15C00026937 /* Project object */;
}
